// !$*UTF8*$!
{
	archiveVersion = 1;
	classes = {
	};
	objectVersion = 56;
	objects = {

/* Begin PBXBuildFile section */
		A52B42FE2B9481BA00AA729A /* SirenViewController.swift in Sources */ = {isa = PBXBuildFile; fileRef = A52B42FD2B9481BA00AA729A /* SirenViewController.swift */; };
		A530D0AC2B89F62500E54E24 /* AppDelegate.swift in Sources */ = {isa = PBXBuildFile; fileRef = A530D0AB2B89F62500E54E24 /* AppDelegate.swift */; };
		A530D0AE2B89F62500E54E24 /* SceneDelegate.swift in Sources */ = {isa = PBXBuildFile; fileRef = A530D0AD2B89F62500E54E24 /* SceneDelegate.swift */; };
		A530D0B52B89F62600E54E24 /* Assets.xcassets in Resources */ = {isa = PBXBuildFile; fileRef = A530D0B42B89F62600E54E24 /* Assets.xcassets */; };
		A530D0B82B89F62600E54E24 /* LaunchScreen.storyboard in Resources */ = {isa = PBXBuildFile; fileRef = A530D0B62B89F62600E54E24 /* LaunchScreen.storyboard */; };
		A530D0C92B8A0C2100E54E24 /* CAGradientLayer+gradientLayer.swift in Sources */ = {isa = PBXBuildFile; fileRef = A530D0C82B8A0C2100E54E24 /* CAGradientLayer+gradientLayer.swift */; };
		A530D0CC2B8A153200E54E24 /* GradientButton.swift in Sources */ = {isa = PBXBuildFile; fileRef = A530D0CB2B8A153200E54E24 /* GradientButton.swift */; };
		A530D0D02B8A66D400E54E24 /* BackgroundLayer.swift in Sources */ = {isa = PBXBuildFile; fileRef = A530D0CF2B8A66D400E54E24 /* BackgroundLayer.swift */; };
		A53E907E2BC2C40B008CF1A8 /* SirensPickerViewController.swift in Sources */ = {isa = PBXBuildFile; fileRef = A53E907D2BC2C40B008CF1A8 /* SirensPickerViewController.swift */; };
		A53E90802BC2D232008CF1A8 /* SirensPreview.swift in Sources */ = {isa = PBXBuildFile; fileRef = A53E907F2BC2D232008CF1A8 /* SirensPreview.swift */; };
		A53E90832BC334D6008CF1A8 /* HashFindable.swift in Sources */ = {isa = PBXBuildFile; fileRef = A53E90822BC334D6008CF1A8 /* HashFindable.swift */; };
		A54F4D6B2B97695D00E2D286 /* SirenModel.swift in Sources */ = {isa = PBXBuildFile; fileRef = A54F4D6A2B97695D00E2D286 /* SirenModel.swift */; };
		A54F4D722B976F4E00E2D286 /* siren4.wav in Resources */ = {isa = PBXBuildFile; fileRef = A54F4D6D2B976F4D00E2D286 /* siren4.wav */; };
		A54F4D732B976F4E00E2D286 /* siren5.wav in Resources */ = {isa = PBXBuildFile; fileRef = A54F4D6E2B976F4D00E2D286 /* siren5.wav */; };
		A54F4D742B976F4E00E2D286 /* siren1.wav in Resources */ = {isa = PBXBuildFile; fileRef = A54F4D6F2B976F4D00E2D286 /* siren1.wav */; };
		A54F4D752B976F4E00E2D286 /* siren3.wav in Resources */ = {isa = PBXBuildFile; fileRef = A54F4D702B976F4D00E2D286 /* siren3.wav */; };
		A54F4D762B976F4E00E2D286 /* siren2.wav in Resources */ = {isa = PBXBuildFile; fileRef = A54F4D712B976F4E00E2D286 /* siren2.wav */; };
		A54F4D7B2B97982200E2D286 /* TabBarViewController.swift in Sources */ = {isa = PBXBuildFile; fileRef = A54F4D7A2B97982200E2D286 /* TabBarViewController.swift */; };
		A54F4D802B97991A00E2D286 /* ReadySirenViewController.swift in Sources */ = {isa = PBXBuildFile; fileRef = A54F4D7F2B97991A00E2D286 /* ReadySirenViewController.swift */; };
		A54F4D882B97994900E2D286 /* CreateSirenViewController.swift in Sources */ = {isa = PBXBuildFile; fileRef = A54F4D872B97994900E2D286 /* CreateSirenViewController.swift */; };
		A54F4D8A2B97A35100E2D286 /* RoundedButton.swift in Sources */ = {isa = PBXBuildFile; fileRef = A54F4D892B97A35100E2D286 /* RoundedButton.swift */; };
		A5562E5F2B9C8A6E00574446 /* TabSegmentedControl.swift in Sources */ = {isa = PBXBuildFile; fileRef = A5562E5E2B9C8A6E00574446 /* TabSegmentedControl.swift */; };
		A5562E632B9CB7BF00574446 /* UIViewController+children.swift in Sources */ = {isa = PBXBuildFile; fileRef = A5562E622B9CB7BF00574446 /* UIViewController+children.swift */; };
		A5562E652B9CBC2B00574446 /* AlignedCollectionViewFlowLayout.swift in Sources */ = {isa = PBXBuildFile; fileRef = A5562E642B9CBC2B00574446 /* AlignedCollectionViewFlowLayout.swift */; };
		A5562E6B2B9D0B9600574446 /* ReadySirensDataProvider.swift in Sources */ = {isa = PBXBuildFile; fileRef = A5562E6A2B9D0B9600574446 /* ReadySirensDataProvider.swift */; };
		A5562E6D2B9D0DB100574446 /* ReadySirenModel.swift in Sources */ = {isa = PBXBuildFile; fileRef = A5562E6C2B9D0DB100574446 /* ReadySirenModel.swift */; };
		A5562E6E2B9D105800574446 /* ReadySirens.json in Resources */ = {isa = PBXBuildFile; fileRef = A5562E682B9D0A2A00574446 /* ReadySirens.json */; };
		A5562E702B9D117D00574446 /* ReadySirenCollectionViewCell.swift in Sources */ = {isa = PBXBuildFile; fileRef = A5562E6F2B9D117D00574446 /* ReadySirenCollectionViewCell.swift */; };
		A5562E722B9D156A00574446 /* NSAtrributedString+attributedString.swift in Sources */ = {isa = PBXBuildFile; fileRef = A5562E712B9D156A00574446 /* NSAtrributedString+attributedString.swift */; };
		A5562E742B9DE8F700574446 /* ReadySirensHeaderFooterView.swift in Sources */ = {isa = PBXBuildFile; fileRef = A5562E732B9DE8F700574446 /* ReadySirensHeaderFooterView.swift */; };
		A5562E762B9DF27600574446 /* RoundedButtonGroup.swift in Sources */ = {isa = PBXBuildFile; fileRef = A5562E752B9DF27600574446 /* RoundedButtonGroup.swift */; };
		A5562E782B9E537F00574446 /* SpecialSirenController.swift in Sources */ = {isa = PBXBuildFile; fileRef = A5562E772B9E537F00574446 /* SpecialSirenController.swift */; };
		A556D6332BAA371F00C72CC5 /* UIButton+setInsets.swift in Sources */ = {isa = PBXBuildFile; fileRef = A556D6322BAA371F00C72CC5 /* UIButton+setInsets.swift */; };
		A57D71F02BE175180035B0F7 /* SirensData.xcdatamodeld in Sources */ = {isa = PBXBuildFile; fileRef = A57D71EE2BE175180035B0F7 /* SirensData.xcdatamodeld */; };
		A57D71F22BE179580035B0F7 /* CoreDataManager.swift in Sources */ = {isa = PBXBuildFile; fileRef = A57D71F12BE179580035B0F7 /* CoreDataManager.swift */; };
		A57D71F72BE1797B0035B0F7 /* CreatedSiren+CoreDataClass.swift in Sources */ = {isa = PBXBuildFile; fileRef = A57D71F32BE1797B0035B0F7 /* CreatedSiren+CoreDataClass.swift */; };
		A57D71F82BE1797B0035B0F7 /* CreatedSiren+CoreDataProperties.swift in Sources */ = {isa = PBXBuildFile; fileRef = A57D71F42BE1797B0035B0F7 /* CreatedSiren+CoreDataProperties.swift */; };
		A57D71F92BE1797B0035B0F7 /* SirenFrame+CoreDataClass.swift in Sources */ = {isa = PBXBuildFile; fileRef = A57D71F52BE1797B0035B0F7 /* SirenFrame+CoreDataClass.swift */; };
		A57D71FA2BE1797B0035B0F7 /* SirenFrame+CoreDataProperties.swift in Sources */ = {isa = PBXBuildFile; fileRef = A57D71F62BE1797B0035B0F7 /* SirenFrame+CoreDataProperties.swift */; };
		A57D72012BE17C170035B0F7 /* CreatedSirensViewController.swift in Sources */ = {isa = PBXBuildFile; fileRef = A57D72002BE17C170035B0F7 /* CreatedSirensViewController.swift */; };
		A57D72032BE17D280035B0F7 /* CreatedSirenCollectionViewCell.swift in Sources */ = {isa = PBXBuildFile; fileRef = A57D72022BE17D280035B0F7 /* CreatedSirenCollectionViewCell.swift */; };
		A5BF56BA2BB0DFE200EFD44A /* SirenSoundPlayer.swift in Sources */ = {isa = PBXBuildFile; fileRef = A5BF56B92BB0DFE200EFD44A /* SirenSoundPlayer.swift */; };
		A5D3C67B2BD703B5002FBCFA /* FramePickerViewController.swift in Sources */ = {isa = PBXBuildFile; fileRef = A5D3C67A2BD703B5002FBCFA /* FramePickerViewController.swift */; };
		A5D3C67D2BD81CF7002FBCFA /* FramePickerView.swift in Sources */ = {isa = PBXBuildFile; fileRef = A5D3C67C2BD81CF7002FBCFA /* FramePickerView.swift */; };
		A5DDE0702B948AA60042DA4B /* NSLayoutConstraintExtension.swift in Sources */ = {isa = PBXBuildFile; fileRef = A5DDE06A2B948AA60042DA4B /* NSLayoutConstraintExtension.swift */; };
		A5DDE0712B948AA60042DA4B /* UIView+Constraints.swift in Sources */ = {isa = PBXBuildFile; fileRef = A5DDE06B2B948AA60042DA4B /* UIView+Constraints.swift */; };
		A5DDE0722B948AA60042DA4B /* UIView+cornerRadius.swift in Sources */ = {isa = PBXBuildFile; fileRef = A5DDE06C2B948AA60042DA4B /* UIView+cornerRadius.swift */; };
		A5DDE0732B948AA60042DA4B /* UIApplicationExtension.swift in Sources */ = {isa = PBXBuildFile; fileRef = A5DDE06D2B948AA60042DA4B /* UIApplicationExtension.swift */; };
		A5DDE0742B948AA60042DA4B /* UIStackView+addArrangedSubviews.swift in Sources */ = {isa = PBXBuildFile; fileRef = A5DDE06E2B948AA60042DA4B /* UIStackView+addArrangedSubviews.swift */; };
		A5DDE0752B948AA60042DA4B /* NSDirectionalEdgeInsets+UIEdgeInsets.swift in Sources */ = {isa = PBXBuildFile; fileRef = A5DDE06F2B948AA60042DA4B /* NSDirectionalEdgeInsets+UIEdgeInsets.swift */; };
		A5DDE0772B94B3FA0042DA4B /* SirenFrameModel.swift in Sources */ = {isa = PBXBuildFile; fileRef = A5DDE0762B94B3FA0042DA4B /* SirenFrameModel.swift */; };
		A5DDE0792B94B6860042DA4B /* SirenView.swift in Sources */ = {isa = PBXBuildFile; fileRef = A5DDE0782B94B6860042DA4B /* SirenView.swift */; };
		A5F7E0C02BB9C9BA000E2B10 /* SirensPickerView.swift in Sources */ = {isa = PBXBuildFile; fileRef = A5F7E0BF2BB9C9BA000E2B10 /* SirensPickerView.swift */; };
/* End PBXBuildFile section */

/* Begin PBXFileReference section */
		A52B42FD2B9481BA00AA729A /* SirenViewController.swift */ = {isa = PBXFileReference; lastKnownFileType = sourcecode.swift; path = SirenViewController.swift; sourceTree = "<group>"; };
		A530D0A82B89F62500E54E24 /* PoliceLights.app */ = {isa = PBXFileReference; explicitFileType = wrapper.application; includeInIndex = 0; path = PoliceLights.app; sourceTree = BUILT_PRODUCTS_DIR; };
		A530D0AB2B89F62500E54E24 /* AppDelegate.swift */ = {isa = PBXFileReference; lastKnownFileType = sourcecode.swift; path = AppDelegate.swift; sourceTree = "<group>"; };
		A530D0AD2B89F62500E54E24 /* SceneDelegate.swift */ = {isa = PBXFileReference; lastKnownFileType = sourcecode.swift; path = SceneDelegate.swift; sourceTree = "<group>"; };
		A530D0B42B89F62600E54E24 /* Assets.xcassets */ = {isa = PBXFileReference; lastKnownFileType = folder.assetcatalog; path = Assets.xcassets; sourceTree = "<group>"; };
		A530D0B72B89F62600E54E24 /* Base */ = {isa = PBXFileReference; lastKnownFileType = file.storyboard; name = Base; path = Base.lproj/LaunchScreen.storyboard; sourceTree = "<group>"; };
		A530D0B92B89F62600E54E24 /* Info.plist */ = {isa = PBXFileReference; lastKnownFileType = text.plist.xml; path = Info.plist; sourceTree = "<group>"; };
		A530D0C82B8A0C2100E54E24 /* CAGradientLayer+gradientLayer.swift */ = {isa = PBXFileReference; lastKnownFileType = sourcecode.swift; path = "CAGradientLayer+gradientLayer.swift"; sourceTree = "<group>"; };
		A530D0CB2B8A153200E54E24 /* GradientButton.swift */ = {isa = PBXFileReference; lastKnownFileType = sourcecode.swift; path = GradientButton.swift; sourceTree = "<group>"; };
		A530D0CF2B8A66D400E54E24 /* BackgroundLayer.swift */ = {isa = PBXFileReference; lastKnownFileType = sourcecode.swift; path = BackgroundLayer.swift; sourceTree = "<group>"; };
		A53E907D2BC2C40B008CF1A8 /* SirensPickerViewController.swift */ = {isa = PBXFileReference; lastKnownFileType = sourcecode.swift; path = SirensPickerViewController.swift; sourceTree = "<group>"; };
		A53E907F2BC2D232008CF1A8 /* SirensPreview.swift */ = {isa = PBXFileReference; lastKnownFileType = sourcecode.swift; path = SirensPreview.swift; sourceTree = "<group>"; };
		A53E90822BC334D6008CF1A8 /* HashFindable.swift */ = {isa = PBXFileReference; lastKnownFileType = sourcecode.swift; path = HashFindable.swift; sourceTree = "<group>"; };
		A54F4D6A2B97695D00E2D286 /* SirenModel.swift */ = {isa = PBXFileReference; lastKnownFileType = sourcecode.swift; path = SirenModel.swift; sourceTree = "<group>"; };
		A54F4D6D2B976F4D00E2D286 /* siren4.wav */ = {isa = PBXFileReference; lastKnownFileType = audio.wav; path = siren4.wav; sourceTree = "<group>"; };
		A54F4D6E2B976F4D00E2D286 /* siren5.wav */ = {isa = PBXFileReference; lastKnownFileType = audio.wav; path = siren5.wav; sourceTree = "<group>"; };
		A54F4D6F2B976F4D00E2D286 /* siren1.wav */ = {isa = PBXFileReference; lastKnownFileType = audio.wav; path = siren1.wav; sourceTree = "<group>"; };
		A54F4D702B976F4D00E2D286 /* siren3.wav */ = {isa = PBXFileReference; lastKnownFileType = audio.wav; path = siren3.wav; sourceTree = "<group>"; };
		A54F4D712B976F4E00E2D286 /* siren2.wav */ = {isa = PBXFileReference; lastKnownFileType = audio.wav; path = siren2.wav; sourceTree = "<group>"; };
		A54F4D7A2B97982200E2D286 /* TabBarViewController.swift */ = {isa = PBXFileReference; lastKnownFileType = sourcecode.swift; path = TabBarViewController.swift; sourceTree = "<group>"; };
		A54F4D7F2B97991A00E2D286 /* ReadySirenViewController.swift */ = {isa = PBXFileReference; lastKnownFileType = sourcecode.swift; path = ReadySirenViewController.swift; sourceTree = "<group>"; };
		A54F4D872B97994900E2D286 /* CreateSirenViewController.swift */ = {isa = PBXFileReference; lastKnownFileType = sourcecode.swift; path = CreateSirenViewController.swift; sourceTree = "<group>"; };
		A54F4D892B97A35100E2D286 /* RoundedButton.swift */ = {isa = PBXFileReference; lastKnownFileType = sourcecode.swift; path = RoundedButton.swift; sourceTree = "<group>"; };
		A5562E5E2B9C8A6E00574446 /* TabSegmentedControl.swift */ = {isa = PBXFileReference; lastKnownFileType = sourcecode.swift; path = TabSegmentedControl.swift; sourceTree = "<group>"; };
		A5562E622B9CB7BF00574446 /* UIViewController+children.swift */ = {isa = PBXFileReference; lastKnownFileType = sourcecode.swift; path = "UIViewController+children.swift"; sourceTree = "<group>"; };
		A5562E642B9CBC2B00574446 /* AlignedCollectionViewFlowLayout.swift */ = {isa = PBXFileReference; fileEncoding = 4; lastKnownFileType = sourcecode.swift; path = AlignedCollectionViewFlowLayout.swift; sourceTree = "<group>"; };
		A5562E682B9D0A2A00574446 /* ReadySirens.json */ = {isa = PBXFileReference; lastKnownFileType = text.json; path = ReadySirens.json; sourceTree = "<group>"; };
		A5562E6A2B9D0B9600574446 /* ReadySirensDataProvider.swift */ = {isa = PBXFileReference; lastKnownFileType = sourcecode.swift; path = ReadySirensDataProvider.swift; sourceTree = "<group>"; };
		A5562E6C2B9D0DB100574446 /* ReadySirenModel.swift */ = {isa = PBXFileReference; lastKnownFileType = sourcecode.swift; path = ReadySirenModel.swift; sourceTree = "<group>"; };
		A5562E6F2B9D117D00574446 /* ReadySirenCollectionViewCell.swift */ = {isa = PBXFileReference; lastKnownFileType = sourcecode.swift; path = ReadySirenCollectionViewCell.swift; sourceTree = "<group>"; };
		A5562E712B9D156A00574446 /* NSAtrributedString+attributedString.swift */ = {isa = PBXFileReference; lastKnownFileType = sourcecode.swift; path = "NSAtrributedString+attributedString.swift"; sourceTree = "<group>"; };
		A5562E732B9DE8F700574446 /* ReadySirensHeaderFooterView.swift */ = {isa = PBXFileReference; lastKnownFileType = sourcecode.swift; path = ReadySirensHeaderFooterView.swift; sourceTree = "<group>"; };
		A5562E752B9DF27600574446 /* RoundedButtonGroup.swift */ = {isa = PBXFileReference; lastKnownFileType = sourcecode.swift; path = RoundedButtonGroup.swift; sourceTree = "<group>"; };
		A5562E772B9E537F00574446 /* SpecialSirenController.swift */ = {isa = PBXFileReference; lastKnownFileType = sourcecode.swift; path = SpecialSirenController.swift; sourceTree = "<group>"; };
		A556D6322BAA371F00C72CC5 /* UIButton+setInsets.swift */ = {isa = PBXFileReference; lastKnownFileType = sourcecode.swift; path = "UIButton+setInsets.swift"; sourceTree = "<group>"; };
		A57D71EF2BE175180035B0F7 /* SirensData.xcdatamodel */ = {isa = PBXFileReference; lastKnownFileType = wrapper.xcdatamodel; path = SirensData.xcdatamodel; sourceTree = "<group>"; };
		A57D71F12BE179580035B0F7 /* CoreDataManager.swift */ = {isa = PBXFileReference; fileEncoding = 4; lastKnownFileType = sourcecode.swift; path = CoreDataManager.swift; sourceTree = "<group>"; };
		A57D71F32BE1797B0035B0F7 /* CreatedSiren+CoreDataClass.swift */ = {isa = PBXFileReference; lastKnownFileType = sourcecode.swift; path = "CreatedSiren+CoreDataClass.swift"; sourceTree = "<group>"; };
		A57D71F42BE1797B0035B0F7 /* CreatedSiren+CoreDataProperties.swift */ = {isa = PBXFileReference; lastKnownFileType = sourcecode.swift; path = "CreatedSiren+CoreDataProperties.swift"; sourceTree = "<group>"; };
		A57D71F52BE1797B0035B0F7 /* SirenFrame+CoreDataClass.swift */ = {isa = PBXFileReference; lastKnownFileType = sourcecode.swift; path = "SirenFrame+CoreDataClass.swift"; sourceTree = "<group>"; };
		A57D71F62BE1797B0035B0F7 /* SirenFrame+CoreDataProperties.swift */ = {isa = PBXFileReference; lastKnownFileType = sourcecode.swift; path = "SirenFrame+CoreDataProperties.swift"; sourceTree = "<group>"; };
		A57D72002BE17C170035B0F7 /* CreatedSirensViewController.swift */ = {isa = PBXFileReference; lastKnownFileType = sourcecode.swift; path = CreatedSirensViewController.swift; sourceTree = "<group>"; };
		A57D72022BE17D280035B0F7 /* CreatedSirenCollectionViewCell.swift */ = {isa = PBXFileReference; lastKnownFileType = sourcecode.swift; path = CreatedSirenCollectionViewCell.swift; sourceTree = "<group>"; };
		A5BF56B92BB0DFE200EFD44A /* SirenSoundPlayer.swift */ = {isa = PBXFileReference; lastKnownFileType = sourcecode.swift; path = SirenSoundPlayer.swift; sourceTree = "<group>"; };
		A5D3C67A2BD703B5002FBCFA /* FramePickerViewController.swift */ = {isa = PBXFileReference; lastKnownFileType = sourcecode.swift; path = FramePickerViewController.swift; sourceTree = "<group>"; };
		A5D3C67C2BD81CF7002FBCFA /* FramePickerView.swift */ = {isa = PBXFileReference; lastKnownFileType = sourcecode.swift; path = FramePickerView.swift; sourceTree = "<group>"; };
		A5DDE06A2B948AA60042DA4B /* NSLayoutConstraintExtension.swift */ = {isa = PBXFileReference; fileEncoding = 4; lastKnownFileType = sourcecode.swift; path = NSLayoutConstraintExtension.swift; sourceTree = "<group>"; };
		A5DDE06B2B948AA60042DA4B /* UIView+Constraints.swift */ = {isa = PBXFileReference; fileEncoding = 4; lastKnownFileType = sourcecode.swift; path = "UIView+Constraints.swift"; sourceTree = "<group>"; };
		A5DDE06C2B948AA60042DA4B /* UIView+cornerRadius.swift */ = {isa = PBXFileReference; fileEncoding = 4; lastKnownFileType = sourcecode.swift; path = "UIView+cornerRadius.swift"; sourceTree = "<group>"; };
		A5DDE06D2B948AA60042DA4B /* UIApplicationExtension.swift */ = {isa = PBXFileReference; fileEncoding = 4; lastKnownFileType = sourcecode.swift; path = UIApplicationExtension.swift; sourceTree = "<group>"; };
		A5DDE06E2B948AA60042DA4B /* UIStackView+addArrangedSubviews.swift */ = {isa = PBXFileReference; fileEncoding = 4; lastKnownFileType = sourcecode.swift; path = "UIStackView+addArrangedSubviews.swift"; sourceTree = "<group>"; };
		A5DDE06F2B948AA60042DA4B /* NSDirectionalEdgeInsets+UIEdgeInsets.swift */ = {isa = PBXFileReference; fileEncoding = 4; lastKnownFileType = sourcecode.swift; path = "NSDirectionalEdgeInsets+UIEdgeInsets.swift"; sourceTree = "<group>"; };
		A5DDE0762B94B3FA0042DA4B /* SirenFrameModel.swift */ = {isa = PBXFileReference; lastKnownFileType = sourcecode.swift; path = SirenFrameModel.swift; sourceTree = "<group>"; };
		A5DDE0782B94B6860042DA4B /* SirenView.swift */ = {isa = PBXFileReference; lastKnownFileType = sourcecode.swift; path = SirenView.swift; sourceTree = "<group>"; };
		A5F7E0BF2BB9C9BA000E2B10 /* SirensPickerView.swift */ = {isa = PBXFileReference; lastKnownFileType = sourcecode.swift; path = SirensPickerView.swift; sourceTree = "<group>"; };
/* End PBXFileReference section */

/* Begin PBXFrameworksBuildPhase section */
		A530D0A52B89F62500E54E24 /* Frameworks */ = {
			isa = PBXFrameworksBuildPhase;
			buildActionMask = 2147483647;
			files = (
			);
			runOnlyForDeploymentPostprocessing = 0;
		};
/* End PBXFrameworksBuildPhase section */

/* Begin PBXGroup section */
		A530D09F2B89F62500E54E24 = {
			isa = PBXGroup;
			children = (
				A530D0AA2B89F62500E54E24 /* PoliceLights */,
				A530D0A92B89F62500E54E24 /* Products */,
			);
			sourceTree = "<group>";
		};
		A530D0A92B89F62500E54E24 /* Products */ = {
			isa = PBXGroup;
			children = (
				A530D0A82B89F62500E54E24 /* PoliceLights.app */,
			);
			name = Products;
			sourceTree = "<group>";
		};
		A530D0AA2B89F62500E54E24 /* PoliceLights */ = {
			isa = PBXGroup;
			children = (
				A5562E642B9CBC2B00574446 /* AlignedCollectionViewFlowLayout.swift */,
				A530D0BF2B89FDAA00E54E24 /* Application */,
				A57D71FB2BE179980035B0F7 /* CoreData */,
				A54F4D7E2B97990F00E2D286 /* Create */,
				A57D71FC2BE17BDE0035B0F7 /* Created */,
				A530D0CA2B8A151900E54E24 /* CustomViews */,
				A5DDE0692B948A720042DA4B /* Extensions */,
				A53E90812BC334B7008CF1A8 /* Protocols */,
				A54F4D7D2B97990900E2D286 /* Ready */,
				A530D0C02B89FDBC00E54E24 /* Resources */,
				A5562E692B9D0B3D00574446 /* Service */,
				A57D71EB2BE172110035B0F7 /* SirenPlayer */,
				A54F4D792B9797BB00E2D286 /* TabBar */,
			);
			path = PoliceLights;
			sourceTree = "<group>";
		};
		A530D0BF2B89FDAA00E54E24 /* Application */ = {
			isa = PBXGroup;
			children = (
				A530D0AB2B89F62500E54E24 /* AppDelegate.swift */,
				A530D0AD2B89F62500E54E24 /* SceneDelegate.swift */,
			);
			path = Application;
			sourceTree = "<group>";
		};
		A530D0C02B89FDBC00E54E24 /* Resources */ = {
			isa = PBXGroup;
			children = (
				A54F4D6C2B976F1900E2D286 /* SirenSounds */,
				A530D0B42B89F62600E54E24 /* Assets.xcassets */,
				A530D0B62B89F62600E54E24 /* LaunchScreen.storyboard */,
				A530D0B92B89F62600E54E24 /* Info.plist */,
				A5562E682B9D0A2A00574446 /* ReadySirens.json */,
			);
			path = Resources;
			sourceTree = "<group>";
		};
		A530D0C42B89FE0700E54E24 /* Models */ = {
			isa = PBXGroup;
			children = (
				A5DDE0762B94B3FA0042DA4B /* SirenFrameModel.swift */,
				A54F4D6A2B97695D00E2D286 /* SirenModel.swift */,
			);
			path = Models;
			sourceTree = "<group>";
		};
		A530D0C62B89FE0C00E54E24 /* Controllers */ = {
			isa = PBXGroup;
			children = (
				A52B42FD2B9481BA00AA729A /* SirenViewController.swift */,
				A5562E772B9E537F00574446 /* SpecialSirenController.swift */,
			);
			path = Controllers;
			sourceTree = "<group>";
		};
		A530D0CA2B8A151900E54E24 /* CustomViews */ = {
			isa = PBXGroup;
			children = (
				A530D0CF2B8A66D400E54E24 /* BackgroundLayer.swift */,
				A57D71ED2BE172E60035B0F7 /* Buttons */,
				A5562E752B9DF27600574446 /* RoundedButtonGroup.swift */,
				A53E907F2BC2D232008CF1A8 /* SirensPreview.swift */,
				A5562E5E2B9C8A6E00574446 /* TabSegmentedControl.swift */,
			);
			path = CustomViews;
			sourceTree = "<group>";
		};
		A53E90812BC334B7008CF1A8 /* Protocols */ = {
			isa = PBXGroup;
			children = (
				A53E90822BC334D6008CF1A8 /* HashFindable.swift */,
			);
			path = Protocols;
			sourceTree = "<group>";
		};
		A54F4D6C2B976F1900E2D286 /* SirenSounds */ = {
			isa = PBXGroup;
			children = (
				A54F4D6F2B976F4D00E2D286 /* siren1.wav */,
				A54F4D712B976F4E00E2D286 /* siren2.wav */,
				A54F4D702B976F4D00E2D286 /* siren3.wav */,
				A54F4D6D2B976F4D00E2D286 /* siren4.wav */,
				A54F4D6E2B976F4D00E2D286 /* siren5.wav */,
			);
			path = SirenSounds;
			sourceTree = "<group>";
		};
		A54F4D792B9797BB00E2D286 /* TabBar */ = {
			isa = PBXGroup;
			children = (
				A54F4D7A2B97982200E2D286 /* TabBarViewController.swift */,
			);
			path = TabBar;
			sourceTree = "<group>";
		};
		A54F4D7D2B97990900E2D286 /* Ready */ = {
			isa = PBXGroup;
			children = (
				A54F4D832B97992700E2D286 /* Controllers */,
				A54F4D822B97991F00E2D286 /* Views */,
				A54F4D812B97991D00E2D286 /* Models */,
			);
			path = Ready;
			sourceTree = "<group>";
		};
		A54F4D7E2B97990F00E2D286 /* Create */ = {
			isa = PBXGroup;
			children = (
				A54F4D862B97993300E2D286 /* Controllers */,
				A54F4D852B97993100E2D286 /* Views */,
				A54F4D842B97992F00E2D286 /* Models */,
			);
			path = Create;
			sourceTree = "<group>";
		};
		A54F4D812B97991D00E2D286 /* Models */ = {
			isa = PBXGroup;
			children = (
				A5562E6C2B9D0DB100574446 /* ReadySirenModel.swift */,
			);
			path = Models;
			sourceTree = "<group>";
		};
		A54F4D822B97991F00E2D286 /* Views */ = {
			isa = PBXGroup;
			children = (
				A5562E6F2B9D117D00574446 /* ReadySirenCollectionViewCell.swift */,
				A5562E732B9DE8F700574446 /* ReadySirensHeaderFooterView.swift */,
			);
			path = Views;
			sourceTree = "<group>";
		};
		A54F4D832B97992700E2D286 /* Controllers */ = {
			isa = PBXGroup;
			children = (
				A54F4D7F2B97991A00E2D286 /* ReadySirenViewController.swift */,
			);
			path = Controllers;
			sourceTree = "<group>";
		};
		A54F4D842B97992F00E2D286 /* Models */ = {
			isa = PBXGroup;
			children = (
			);
			path = Models;
			sourceTree = "<group>";
		};
		A54F4D852B97993100E2D286 /* Views */ = {
			isa = PBXGroup;
			children = (
				A5D3C67C2BD81CF7002FBCFA /* FramePickerView.swift */,
				A5BF56B92BB0DFE200EFD44A /* SirenSoundPlayer.swift */,
				A5F7E0BF2BB9C9BA000E2B10 /* SirensPickerView.swift */,
			);
			path = Views;
			sourceTree = "<group>";
		};
		A54F4D862B97993300E2D286 /* Controllers */ = {
			isa = PBXGroup;
			children = (
				A54F4D872B97994900E2D286 /* CreateSirenViewController.swift */,
				A5D3C67A2BD703B5002FBCFA /* FramePickerViewController.swift */,
				A53E907D2BC2C40B008CF1A8 /* SirensPickerViewController.swift */,
			);
			path = Controllers;
			sourceTree = "<group>";
		};
		A5562E692B9D0B3D00574446 /* Service */ = {
			isa = PBXGroup;
			children = (
				A5562E6A2B9D0B9600574446 /* ReadySirensDataProvider.swift */,
			);
			path = Service;
			sourceTree = "<group>";
		};
		A57D71EB2BE172110035B0F7 /* SirenPlayer */ = {
			isa = PBXGroup;
			children = (
				A57D71EC2BE172BF0035B0F7 /* Views */,
				A530D0C42B89FE0700E54E24 /* Models */,
				A530D0C62B89FE0C00E54E24 /* Controllers */,
			);
			path = SirenPlayer;
			sourceTree = "<group>";
		};
		A57D71EC2BE172BF0035B0F7 /* Views */ = {
			isa = PBXGroup;
			children = (
				A5DDE0782B94B6860042DA4B /* SirenView.swift */,
			);
			path = Views;
			sourceTree = "<group>";
		};
		A57D71ED2BE172E60035B0F7 /* Buttons */ = {
			isa = PBXGroup;
			children = (
				A530D0CB2B8A153200E54E24 /* GradientButton.swift */,
				A54F4D892B97A35100E2D286 /* RoundedButton.swift */,
			);
			path = Buttons;
			sourceTree = "<group>";
		};
		A57D71FB2BE179980035B0F7 /* CoreData */ = {
			isa = PBXGroup;
			children = (
				A57D71F32BE1797B0035B0F7 /* CreatedSiren+CoreDataClass.swift */,
				A57D71F42BE1797B0035B0F7 /* CreatedSiren+CoreDataProperties.swift */,
				A57D71F52BE1797B0035B0F7 /* SirenFrame+CoreDataClass.swift */,
				A57D71F62BE1797B0035B0F7 /* SirenFrame+CoreDataProperties.swift */,
				A57D71EE2BE175180035B0F7 /* SirensData.xcdatamodeld */,
				A57D71F12BE179580035B0F7 /* CoreDataManager.swift */,
			);
			path = CoreData;
			sourceTree = "<group>";
		};
		A57D71FC2BE17BDE0035B0F7 /* Created */ = {
			isa = PBXGroup;
			children = (
				A57D71FF2BE17BFC0035B0F7 /* Views */,
				A57D71FE2BE17BF20035B0F7 /* Models */,
				A57D71FD2BE17BEE0035B0F7 /* Controllers */,
			);
			path = Created;
			sourceTree = "<group>";
		};
		A57D71FD2BE17BEE0035B0F7 /* Controllers */ = {
			isa = PBXGroup;
			children = (
				A57D72002BE17C170035B0F7 /* CreatedSirensViewController.swift */,
			);
			path = Controllers;
			sourceTree = "<group>";
		};
		A57D71FE2BE17BF20035B0F7 /* Models */ = {
			isa = PBXGroup;
			children = (
			);
			path = Models;
			sourceTree = "<group>";
		};
		A57D71FF2BE17BFC0035B0F7 /* Views */ = {
			isa = PBXGroup;
			children = (
				A57D72022BE17D280035B0F7 /* CreatedSirenCollectionViewCell.swift */,
			);
			path = Views;
			sourceTree = "<group>";
		};
		A5DDE0692B948A720042DA4B /* Extensions */ = {
			isa = PBXGroup;
			children = (
				A530D0C82B8A0C2100E54E24 /* CAGradientLayer+gradientLayer.swift */,
				A5562E712B9D156A00574446 /* NSAtrributedString+attributedString.swift */,
				A5DDE06F2B948AA60042DA4B /* NSDirectionalEdgeInsets+UIEdgeInsets.swift */,
				A5DDE06A2B948AA60042DA4B /* NSLayoutConstraintExtension.swift */,
				A5DDE06D2B948AA60042DA4B /* UIApplicationExtension.swift */,
				A556D6322BAA371F00C72CC5 /* UIButton+setInsets.swift */,
				A5DDE06E2B948AA60042DA4B /* UIStackView+addArrangedSubviews.swift */,
				A5DDE06B2B948AA60042DA4B /* UIView+Constraints.swift */,
				A5DDE06C2B948AA60042DA4B /* UIView+cornerRadius.swift */,
				A5562E622B9CB7BF00574446 /* UIViewController+children.swift */,
			);
			path = Extensions;
			sourceTree = "<group>";
		};
/* End PBXGroup section */

/* Begin PBXNativeTarget section */
		A530D0A72B89F62500E54E24 /* PoliceLights */ = {
			isa = PBXNativeTarget;
			buildConfigurationList = A530D0BC2B89F62600E54E24 /* Build configuration list for PBXNativeTarget "PoliceLights" */;
			buildPhases = (
				A530D0A42B89F62500E54E24 /* Sources */,
				A530D0A52B89F62500E54E24 /* Frameworks */,
				A530D0A62B89F62500E54E24 /* Resources */,
			);
			buildRules = (
			);
			dependencies = (
			);
			name = PoliceLights;
			productName = PoliceLights;
			productReference = A530D0A82B89F62500E54E24 /* PoliceLights.app */;
			productType = "com.apple.product-type.application";
		};
/* End PBXNativeTarget section */

/* Begin PBXProject section */
		A530D0A02B89F62500E54E24 /* Project object */ = {
			isa = PBXProject;
			attributes = {
				BuildIndependentTargetsInParallel = 1;
				LastSwiftUpdateCheck = 1520;
				LastUpgradeCheck = 1520;
				TargetAttributes = {
					A530D0A72B89F62500E54E24 = {
						CreatedOnToolsVersion = 15.2;
					};
				};
			};
			buildConfigurationList = A530D0A32B89F62500E54E24 /* Build configuration list for PBXProject "PoliceLights" */;
			compatibilityVersion = "Xcode 14.0";
			developmentRegion = en;
			hasScannedForEncodings = 0;
			knownRegions = (
				en,
				Base,
			);
			mainGroup = A530D09F2B89F62500E54E24;
			productRefGroup = A530D0A92B89F62500E54E24 /* Products */;
			projectDirPath = "";
			projectRoot = "";
			targets = (
				A530D0A72B89F62500E54E24 /* PoliceLights */,
			);
		};
/* End PBXProject section */

/* Begin PBXResourcesBuildPhase section */
		A530D0A62B89F62500E54E24 /* Resources */ = {
			isa = PBXResourcesBuildPhase;
			buildActionMask = 2147483647;
			files = (
				A54F4D752B976F4E00E2D286 /* siren3.wav in Resources */,
				A5562E6E2B9D105800574446 /* ReadySirens.json in Resources */,
				A54F4D742B976F4E00E2D286 /* siren1.wav in Resources */,
				A54F4D722B976F4E00E2D286 /* siren4.wav in Resources */,
				A530D0B82B89F62600E54E24 /* LaunchScreen.storyboard in Resources */,
				A54F4D762B976F4E00E2D286 /* siren2.wav in Resources */,
				A54F4D732B976F4E00E2D286 /* siren5.wav in Resources */,
				A530D0B52B89F62600E54E24 /* Assets.xcassets in Resources */,
			);
			runOnlyForDeploymentPostprocessing = 0;
		};
/* End PBXResourcesBuildPhase section */

/* Begin PBXSourcesBuildPhase section */
		A530D0A42B89F62500E54E24 /* Sources */ = {
			isa = PBXSourcesBuildPhase;
			buildActionMask = 2147483647;
			files = (
				A54F4D882B97994900E2D286 /* CreateSirenViewController.swift in Sources */,
				A5F7E0C02BB9C9BA000E2B10 /* SirensPickerView.swift in Sources */,
				A530D0D02B8A66D400E54E24 /* BackgroundLayer.swift in Sources */,
				A5562E6D2B9D0DB100574446 /* ReadySirenModel.swift in Sources */,
				A5562E762B9DF27600574446 /* RoundedButtonGroup.swift in Sources */,
				A5562E742B9DE8F700574446 /* ReadySirensHeaderFooterView.swift in Sources */,
				A5D3C67B2BD703B5002FBCFA /* FramePickerViewController.swift in Sources */,
				A57D71F92BE1797B0035B0F7 /* SirenFrame+CoreDataClass.swift in Sources */,
				A530D0C92B8A0C2100E54E24 /* CAGradientLayer+gradientLayer.swift in Sources */,
				A53E907E2BC2C40B008CF1A8 /* SirensPickerViewController.swift in Sources */,
				A5DDE0772B94B3FA0042DA4B /* SirenFrameModel.swift in Sources */,
				A5BF56BA2BB0DFE200EFD44A /* SirenSoundPlayer.swift in Sources */,
				A54F4D802B97991A00E2D286 /* ReadySirenViewController.swift in Sources */,
				A5562E652B9CBC2B00574446 /* AlignedCollectionViewFlowLayout.swift in Sources */,
				A5D3C67D2BD81CF7002FBCFA /* FramePickerView.swift in Sources */,
				A5DDE0712B948AA60042DA4B /* UIView+Constraints.swift in Sources */,
				A530D0CC2B8A153200E54E24 /* GradientButton.swift in Sources */,
				A530D0AC2B89F62500E54E24 /* AppDelegate.swift in Sources */,
				A5DDE0732B948AA60042DA4B /* UIApplicationExtension.swift in Sources */,
				A5DDE0742B948AA60042DA4B /* UIStackView+addArrangedSubviews.swift in Sources */,
				A54F4D8A2B97A35100E2D286 /* RoundedButton.swift in Sources */,
				A54F4D7B2B97982200E2D286 /* TabBarViewController.swift in Sources */,
				A5562E6B2B9D0B9600574446 /* ReadySirensDataProvider.swift in Sources */,
				A5DDE0752B948AA60042DA4B /* NSDirectionalEdgeInsets+UIEdgeInsets.swift in Sources */,
				A5562E782B9E537F00574446 /* SpecialSirenController.swift in Sources */,
				A57D71F72BE1797B0035B0F7 /* CreatedSiren+CoreDataClass.swift in Sources */,
				A57D71FA2BE1797B0035B0F7 /* SirenFrame+CoreDataProperties.swift in Sources */,
				A5562E5F2B9C8A6E00574446 /* TabSegmentedControl.swift in Sources */,
				A530D0AE2B89F62500E54E24 /* SceneDelegate.swift in Sources */,
				A5562E722B9D156A00574446 /* NSAtrributedString+attributedString.swift in Sources */,
				A52B42FE2B9481BA00AA729A /* SirenViewController.swift in Sources */,
				A5562E702B9D117D00574446 /* ReadySirenCollectionViewCell.swift in Sources */,
				A5DDE0792B94B6860042DA4B /* SirenView.swift in Sources */,
				A54F4D6B2B97695D00E2D286 /* SirenModel.swift in Sources */,
				A556D6332BAA371F00C72CC5 /* UIButton+setInsets.swift in Sources */,
				A53E90802BC2D232008CF1A8 /* SirensPreview.swift in Sources */,
				A57D71F22BE179580035B0F7 /* CoreDataManager.swift in Sources */,
				A57D72012BE17C170035B0F7 /* CreatedSirensViewController.swift in Sources */,
				A57D71F82BE1797B0035B0F7 /* CreatedSiren+CoreDataProperties.swift in Sources */,
				A5562E632B9CB7BF00574446 /* UIViewController+children.swift in Sources */,
				A57D72032BE17D280035B0F7 /* CreatedSirenCollectionViewCell.swift in Sources */,
				A5DDE0702B948AA60042DA4B /* NSLayoutConstraintExtension.swift in Sources */,
				A57D71F02BE175180035B0F7 /* SirensData.xcdatamodeld in Sources */,
				A53E90832BC334D6008CF1A8 /* HashFindable.swift in Sources */,
				A5DDE0722B948AA60042DA4B /* UIView+cornerRadius.swift in Sources */,
			);
			runOnlyForDeploymentPostprocessing = 0;
		};
/* End PBXSourcesBuildPhase section */

/* Begin PBXVariantGroup section */
		A530D0B62B89F62600E54E24 /* LaunchScreen.storyboard */ = {
			isa = PBXVariantGroup;
			children = (
				A530D0B72B89F62600E54E24 /* Base */,
			);
			name = LaunchScreen.storyboard;
			sourceTree = "<group>";
		};
/* End PBXVariantGroup section */

/* Begin XCBuildConfiguration section */
		A530D0BA2B89F62600E54E24 /* Debug */ = {
			isa = XCBuildConfiguration;
			buildSettings = {
				ALWAYS_SEARCH_USER_PATHS = NO;
				ASSETCATALOG_COMPILER_GENERATE_SWIFT_ASSET_SYMBOL_EXTENSIONS = YES;
				CLANG_ANALYZER_NONNULL = YES;
				CLANG_ANALYZER_NUMBER_OBJECT_CONVERSION = YES_AGGRESSIVE;
				CLANG_CXX_LANGUAGE_STANDARD = "gnu++20";
				CLANG_ENABLE_MODULES = YES;
				CLANG_ENABLE_OBJC_ARC = YES;
				CLANG_ENABLE_OBJC_WEAK = YES;
				CLANG_WARN_BLOCK_CAPTURE_AUTORELEASING = YES;
				CLANG_WARN_BOOL_CONVERSION = YES;
				CLANG_WARN_COMMA = YES;
				CLANG_WARN_CONSTANT_CONVERSION = YES;
				CLANG_WARN_DEPRECATED_OBJC_IMPLEMENTATIONS = YES;
				CLANG_WARN_DIRECT_OBJC_ISA_USAGE = YES_ERROR;
				CLANG_WARN_DOCUMENTATION_COMMENTS = YES;
				CLANG_WARN_EMPTY_BODY = YES;
				CLANG_WARN_ENUM_CONVERSION = YES;
				CLANG_WARN_INFINITE_RECURSION = YES;
				CLANG_WARN_INT_CONVERSION = YES;
				CLANG_WARN_NON_LITERAL_NULL_CONVERSION = YES;
				CLANG_WARN_OBJC_IMPLICIT_RETAIN_SELF = YES;
				CLANG_WARN_OBJC_LITERAL_CONVERSION = YES;
				CLANG_WARN_OBJC_ROOT_CLASS = YES_ERROR;
				CLANG_WARN_QUOTED_INCLUDE_IN_FRAMEWORK_HEADER = YES;
				CLANG_WARN_RANGE_LOOP_ANALYSIS = YES;
				CLANG_WARN_STRICT_PROTOTYPES = YES;
				CLANG_WARN_SUSPICIOUS_MOVE = YES;
				CLANG_WARN_UNGUARDED_AVAILABILITY = YES_AGGRESSIVE;
				CLANG_WARN_UNREACHABLE_CODE = YES;
				CLANG_WARN__DUPLICATE_METHOD_MATCH = YES;
				COPY_PHASE_STRIP = NO;
				DEBUG_INFORMATION_FORMAT = dwarf;
				ENABLE_STRICT_OBJC_MSGSEND = YES;
				ENABLE_TESTABILITY = YES;
				ENABLE_USER_SCRIPT_SANDBOXING = YES;
				GCC_C_LANGUAGE_STANDARD = gnu17;
				GCC_DYNAMIC_NO_PIC = NO;
				GCC_NO_COMMON_BLOCKS = YES;
				GCC_OPTIMIZATION_LEVEL = 0;
				GCC_PREPROCESSOR_DEFINITIONS = (
					"DEBUG=1",
					"$(inherited)",
				);
				GCC_WARN_64_TO_32_BIT_CONVERSION = YES;
				GCC_WARN_ABOUT_RETURN_TYPE = YES_ERROR;
				GCC_WARN_UNDECLARED_SELECTOR = YES;
				GCC_WARN_UNINITIALIZED_AUTOS = YES_AGGRESSIVE;
				GCC_WARN_UNUSED_FUNCTION = YES;
				GCC_WARN_UNUSED_VARIABLE = YES;
				IPHONEOS_DEPLOYMENT_TARGET = 13.0;
				LOCALIZATION_PREFERS_STRING_CATALOGS = YES;
				MTL_ENABLE_DEBUG_INFO = INCLUDE_SOURCE;
				MTL_FAST_MATH = YES;
				ONLY_ACTIVE_ARCH = YES;
				SDKROOT = iphoneos;
				SWIFT_ACTIVE_COMPILATION_CONDITIONS = "DEBUG $(inherited)";
				SWIFT_OPTIMIZATION_LEVEL = "-Onone";
			};
			name = Debug;
		};
		A530D0BB2B89F62600E54E24 /* Release */ = {
			isa = XCBuildConfiguration;
			buildSettings = {
				ALWAYS_SEARCH_USER_PATHS = NO;
				ASSETCATALOG_COMPILER_GENERATE_SWIFT_ASSET_SYMBOL_EXTENSIONS = YES;
				CLANG_ANALYZER_NONNULL = YES;
				CLANG_ANALYZER_NUMBER_OBJECT_CONVERSION = YES_AGGRESSIVE;
				CLANG_CXX_LANGUAGE_STANDARD = "gnu++20";
				CLANG_ENABLE_MODULES = YES;
				CLANG_ENABLE_OBJC_ARC = YES;
				CLANG_ENABLE_OBJC_WEAK = YES;
				CLANG_WARN_BLOCK_CAPTURE_AUTORELEASING = YES;
				CLANG_WARN_BOOL_CONVERSION = YES;
				CLANG_WARN_COMMA = YES;
				CLANG_WARN_CONSTANT_CONVERSION = YES;
				CLANG_WARN_DEPRECATED_OBJC_IMPLEMENTATIONS = YES;
				CLANG_WARN_DIRECT_OBJC_ISA_USAGE = YES_ERROR;
				CLANG_WARN_DOCUMENTATION_COMMENTS = YES;
				CLANG_WARN_EMPTY_BODY = YES;
				CLANG_WARN_ENUM_CONVERSION = YES;
				CLANG_WARN_INFINITE_RECURSION = YES;
				CLANG_WARN_INT_CONVERSION = YES;
				CLANG_WARN_NON_LITERAL_NULL_CONVERSION = YES;
				CLANG_WARN_OBJC_IMPLICIT_RETAIN_SELF = YES;
				CLANG_WARN_OBJC_LITERAL_CONVERSION = YES;
				CLANG_WARN_OBJC_ROOT_CLASS = YES_ERROR;
				CLANG_WARN_QUOTED_INCLUDE_IN_FRAMEWORK_HEADER = YES;
				CLANG_WARN_RANGE_LOOP_ANALYSIS = YES;
				CLANG_WARN_STRICT_PROTOTYPES = YES;
				CLANG_WARN_SUSPICIOUS_MOVE = YES;
				CLANG_WARN_UNGUARDED_AVAILABILITY = YES_AGGRESSIVE;
				CLANG_WARN_UNREACHABLE_CODE = YES;
				CLANG_WARN__DUPLICATE_METHOD_MATCH = YES;
				COPY_PHASE_STRIP = NO;
				DEBUG_INFORMATION_FORMAT = "dwarf-with-dsym";
				ENABLE_NS_ASSERTIONS = NO;
				ENABLE_STRICT_OBJC_MSGSEND = YES;
				ENABLE_USER_SCRIPT_SANDBOXING = YES;
				GCC_C_LANGUAGE_STANDARD = gnu17;
				GCC_NO_COMMON_BLOCKS = YES;
				GCC_WARN_64_TO_32_BIT_CONVERSION = YES;
				GCC_WARN_ABOUT_RETURN_TYPE = YES_ERROR;
				GCC_WARN_UNDECLARED_SELECTOR = YES;
				GCC_WARN_UNINITIALIZED_AUTOS = YES_AGGRESSIVE;
				GCC_WARN_UNUSED_FUNCTION = YES;
				GCC_WARN_UNUSED_VARIABLE = YES;
				IPHONEOS_DEPLOYMENT_TARGET = 13.0;
				LOCALIZATION_PREFERS_STRING_CATALOGS = YES;
				MTL_ENABLE_DEBUG_INFO = NO;
				MTL_FAST_MATH = YES;
				SDKROOT = iphoneos;
				SWIFT_COMPILATION_MODE = wholemodule;
				VALIDATE_PRODUCT = YES;
			};
			name = Release;
		};
		A530D0BD2B89F62600E54E24 /* Debug */ = {
			isa = XCBuildConfiguration;
			buildSettings = {
				ASSETCATALOG_COMPILER_APPICON_NAME = AppIcon;
				ASSETCATALOG_COMPILER_GLOBAL_ACCENT_COLOR_NAME = AccentColor;
				CODE_SIGN_STYLE = Automatic;
				CURRENT_PROJECT_VERSION = 1;
				DEVELOPMENT_TEAM = MDX5GNKX3D;
				GENERATE_INFOPLIST_FILE = YES;
				INFOPLIST_FILE = "$(PROJECT_DIR)/PoliceLights/Resources/Info.plist";
				INFOPLIST_KEY_UIApplicationSupportsIndirectInputEvents = YES;
				INFOPLIST_KEY_UILaunchStoryboardName = LaunchScreen;
				INFOPLIST_KEY_UISupportedInterfaceOrientations = "UIInterfaceOrientationLandscapeLeft UIInterfaceOrientationLandscapeRight";
				IPHONEOS_DEPLOYMENT_TARGET = 13.0;
				LD_RUNPATH_SEARCH_PATHS = (
					"$(inherited)",
					"@executable_path/Frameworks",
				);
				MARKETING_VERSION = 1.0;
				PRODUCT_BUNDLE_IDENTIFIER = com.sergeydev.policelights;
				PRODUCT_NAME = "$(TARGET_NAME)";
				SUPPORTED_PLATFORMS = "iphoneos iphonesimulator";
				SUPPORTS_MACCATALYST = NO;
				SUPPORTS_MAC_DESIGNED_FOR_IPHONE_IPAD = NO;
				SUPPORTS_XR_DESIGNED_FOR_IPHONE_IPAD = NO;
				SWIFT_EMIT_LOC_STRINGS = YES;
				SWIFT_VERSION = 5.0;
				TARGETED_DEVICE_FAMILY = "1,2";
			};
			name = Debug;
		};
		A530D0BE2B89F62600E54E24 /* Release */ = {
			isa = XCBuildConfiguration;
			buildSettings = {
				ASSETCATALOG_COMPILER_APPICON_NAME = AppIcon;
				ASSETCATALOG_COMPILER_GLOBAL_ACCENT_COLOR_NAME = AccentColor;
				CODE_SIGN_STYLE = Automatic;
				CURRENT_PROJECT_VERSION = 1;
				DEVELOPMENT_TEAM = MDX5GNKX3D;
				GENERATE_INFOPLIST_FILE = YES;
				INFOPLIST_FILE = "$(PROJECT_DIR)/PoliceLights/Resources/Info.plist";
				INFOPLIST_KEY_UIApplicationSupportsIndirectInputEvents = YES;
				INFOPLIST_KEY_UILaunchStoryboardName = LaunchScreen;
				INFOPLIST_KEY_UISupportedInterfaceOrientations = "UIInterfaceOrientationLandscapeLeft UIInterfaceOrientationLandscapeRight";
				IPHONEOS_DEPLOYMENT_TARGET = 13.0;
				LD_RUNPATH_SEARCH_PATHS = (
					"$(inherited)",
					"@executable_path/Frameworks",
				);
				MARKETING_VERSION = 1.0;
				PRODUCT_BUNDLE_IDENTIFIER = com.sergeydev.policelights;
				PRODUCT_NAME = "$(TARGET_NAME)";
				SUPPORTED_PLATFORMS = "iphoneos iphonesimulator";
				SUPPORTS_MACCATALYST = NO;
				SUPPORTS_MAC_DESIGNED_FOR_IPHONE_IPAD = NO;
				SUPPORTS_XR_DESIGNED_FOR_IPHONE_IPAD = NO;
				SWIFT_EMIT_LOC_STRINGS = YES;
				SWIFT_VERSION = 5.0;
				TARGETED_DEVICE_FAMILY = "1,2";
			};
			name = Release;
		};
/* End XCBuildConfiguration section */

/* Begin XCConfigurationList section */
		A530D0A32B89F62500E54E24 /* Build configuration list for PBXProject "PoliceLights" */ = {
			isa = XCConfigurationList;
			buildConfigurations = (
				A530D0BA2B89F62600E54E24 /* Debug */,
				A530D0BB2B89F62600E54E24 /* Release */,
			);
			defaultConfigurationIsVisible = 0;
			defaultConfigurationName = Release;
		};
		A530D0BC2B89F62600E54E24 /* Build configuration list for PBXNativeTarget "PoliceLights" */ = {
			isa = XCConfigurationList;
			buildConfigurations = (
				A530D0BD2B89F62600E54E24 /* Debug */,
				A530D0BE2B89F62600E54E24 /* Release */,
			);
			defaultConfigurationIsVisible = 0;
			defaultConfigurationName = Release;
		};
/* End XCConfigurationList section */

/* Begin XCVersionGroup section */
		A57D71EE2BE175180035B0F7 /* SirensData.xcdatamodeld */ = {
			isa = XCVersionGroup;
			children = (
				A57D71EF2BE175180035B0F7 /* SirensData.xcdatamodel */,
			);
			currentVersion = A57D71EF2BE175180035B0F7 /* SirensData.xcdatamodel */;
			path = SirensData.xcdatamodeld;
			sourceTree = "<group>";
			versionGroupType = wrapper.xcdatamodel;
		};
/* End XCVersionGroup section */
	};
	rootObject = A530D0A02B89F62500E54E24 /* Project object */;
}
